
Microsoft Visual Studio Solution File, Format Version 12.00
# Visual Studio Version 17
VisualStudioVersion = 17.0.32014.148
MinimumVisualStudioVersion = 10.0.40219.1
Project("{9A19103F-16F7-4668-BE54-9A1E7A4F7556}") = "AIHR.WorkloadCalculator.Service", "src\AIHR.WorkloadCalculator.Service\AIHR.WorkloadCalculator.Service.csproj", "{BE50479D-12EF-4F62-9914-02C7FC97475C}"
EndProject
Project("{FAE04EC0-301F-11D3-BF4B-00C04F79EFBC}") = "AIHR.WorkloadCalculator.Service.Test", "src\AIHR.WorkloadCalculator.Service.Test\AIHR.WorkloadCalculator.Service.Test.csproj", "{F1763E6E-2BC9-491D-A200-8BE70FC134C5}"
EndProject
Global
	GlobalSection(SolutionConfigurationPlatforms) = preSolution
		Debug|Any CPU = Debug|Any CPU
		Release|Any CPU = Release|Any CPU
	EndGlobalSection
	GlobalSection(ProjectConfigurationPlatforms) = postSolution
		{BE50479D-12EF-4F62-9914-02C7FC97475C}.Debug|Any CPU.ActiveCfg = Debug|Any CPU
		{BE50479D-12EF-4F62-9914-02C7FC97475C}.Debug|Any CPU.Build.0 = Debug|Any CPU
		{BE50479D-12EF-4F62-9914-02C7FC97475C}.Release|Any CPU.ActiveCfg = Release|Any CPU
		{BE50479D-12EF-4F62-9914-02C7FC97475C}.Release|Any CPU.Build.0 = Release|Any CPU
		{F1763E6E-2BC9-491D-A200-8BE70FC134C5}.Debug|Any CPU.ActiveCfg = Debug|Any CPU
		{F1763E6E-2BC9-491D-A200-8BE70FC134C5}.Debug|Any CPU.Build.0 = Debug|Any CPU
		{F1763E6E-2BC9-491D-A200-8BE70FC134C5}.Release|Any CPU.ActiveCfg = Release|Any CPU
		{F1763E6E-2BC9-491D-A200-8BE70FC134C5}.Release|Any CPU.Build.0 = Release|Any CPU
	EndGlobalSection
	GlobalSection(SolutionProperties) = preSolution
		HideSolutionNode = FALSE
	EndGlobalSection
	GlobalSection(ExtensibilityGlobals) = postSolution
		SolutionGuid = {44952DA1-0002-48F2-9E26-428BB6D41971}
	EndGlobalSection
EndGlobal
